
Microsoft Visual Studio Solution File, Format Version 11.00
# Visual Studio 2010
Project("{FAE04EC0-301F-11D3-BF4B-00C04F79EFBC}") = "Nukito", "Nukito\Nukito.csproj", "{E43B6DA7-6EC2-41EC-BFBA-1214437BC252}"
EndProject
Project("{FAE04EC0-301F-11D3-BF4B-00C04F79EFBC}") = "Nukito.Test", "Nukito.Test\Nukito.Test.csproj", "{34950584-95AC-4639-BA6F-7AFE70DE721D}"
EndProject
Project("{FAE04EC0-301F-11D3-BF4B-00C04F79EFBC}") = "Nukito.Example", "Nukito.Example\Nukito.Example.csproj", "{DCE06AB2-8C6C-4B0D-8398-0AE3B55A36C3}"
EndProject
Global
	GlobalSection(SolutionConfigurationPlatforms) = preSolution
		Debug|Any CPU = Debug|Any CPU
		Debug|Mixed Platforms = Debug|Mixed Platforms
		Debug|x86 = Debug|x86
		Release|Any CPU = Release|Any CPU
		Release|Mixed Platforms = Release|Mixed Platforms
		Release|x86 = Release|x86
	EndGlobalSection
	GlobalSection(ProjectConfigurationPlatforms) = postSolution
		{E43B6DA7-6EC2-41EC-BFBA-1214437BC252}.Debug|Any CPU.ActiveCfg = Debug|Any CPU
		{E43B6DA7-6EC2-41EC-BFBA-1214437BC252}.Debug|Any CPU.Build.0 = Debug|Any CPU
		{E43B6DA7-6EC2-41EC-BFBA-1214437BC252}.Debug|Mixed Platforms.ActiveCfg = Debug|Any CPU
		{E43B6DA7-6EC2-41EC-BFBA-1214437BC252}.Debug|Mixed Platforms.Build.0 = Debug|Any CPU
		{E43B6DA7-6EC2-41EC-BFBA-1214437BC252}.Debug|x86.ActiveCfg = Debug|Any CPU
		{E43B6DA7-6EC2-41EC-BFBA-1214437BC252}.Release|Any CPU.ActiveCfg = Release|Any CPU
		{E43B6DA7-6EC2-41EC-BFBA-1214437BC252}.Release|Any CPU.Build.0 = Release|Any CPU
		{E43B6DA7-6EC2-41EC-BFBA-1214437BC252}.Release|Mixed Platforms.ActiveCfg = Release|Any CPU
		{E43B6DA7-6EC2-41EC-BFBA-1214437BC252}.Release|Mixed Platforms.Build.0 = Release|Any CPU
		{E43B6DA7-6EC2-41EC-BFBA-1214437BC252}.Release|x86.ActiveCfg = Release|Any CPU
		{34950584-95AC-4639-BA6F-7AFE70DE721D}.Debug|Any CPU.ActiveCfg = Debug|Any CPU
		{34950584-95AC-4639-BA6F-7AFE70DE721D}.Debug|Any CPU.Build.0 = Debug|Any CPU
		{34950584-95AC-4639-BA6F-7AFE70DE721D}.Debug|Mixed Platforms.ActiveCfg = Debug|Any CPU
		{34950584-95AC-4639-BA6F-7AFE70DE721D}.Debug|Mixed Platforms.Build.0 = Debug|Any CPU
		{34950584-95AC-4639-BA6F-7AFE70DE721D}.Debug|x86.ActiveCfg = Debug|Any CPU
		{34950584-95AC-4639-BA6F-7AFE70DE721D}.Release|Any CPU.ActiveCfg = Release|Any CPU
		{34950584-95AC-4639-BA6F-7AFE70DE721D}.Release|Any CPU.Build.0 = Release|Any CPU
		{34950584-95AC-4639-BA6F-7AFE70DE721D}.Release|Mixed Platforms.ActiveCfg = Release|Any CPU
		{34950584-95AC-4639-BA6F-7AFE70DE721D}.Release|Mixed Platforms.Build.0 = Release|Any CPU
		{34950584-95AC-4639-BA6F-7AFE70DE721D}.Release|x86.ActiveCfg = Release|Any CPU
		{DCE06AB2-8C6C-4B0D-8398-0AE3B55A36C3}.Debug|Any CPU.ActiveCfg = Debug|Any CPU
		{DCE06AB2-8C6C-4B0D-8398-0AE3B55A36C3}.Debug|Any CPU.Build.0 = Debug|Any CPU
		{DCE06AB2-8C6C-4B0D-8398-0AE3B55A36C3}.Debug|Mixed Platforms.ActiveCfg = Debug|Any CPU
		{DCE06AB2-8C6C-4B0D-8398-0AE3B55A36C3}.Debug|Mixed Platforms.Build.0 = Debug|Any CPU
		{DCE06AB2-8C6C-4B0D-8398-0AE3B55A36C3}.Debug|x86.ActiveCfg = Debug|Any CPU
		{DCE06AB2-8C6C-4B0D-8398-0AE3B55A36C3}.Release|Any CPU.ActiveCfg = Release|Any CPU
		{DCE06AB2-8C6C-4B0D-8398-0AE3B55A36C3}.Release|Any CPU.Build.0 = Release|Any CPU
		{DCE06AB2-8C6C-4B0D-8398-0AE3B55A36C3}.Release|Mixed Platforms.ActiveCfg = Release|Any CPU
		{DCE06AB2-8C6C-4B0D-8398-0AE3B55A36C3}.Release|Mixed Platforms.Build.0 = Release|Any CPU
		{DCE06AB2-8C6C-4B0D-8398-0AE3B55A36C3}.Release|x86.ActiveCfg = Release|Any CPU
	EndGlobalSection
	GlobalSection(SolutionProperties) = preSolution
		HideSolutionNode = FALSE
	EndGlobalSection
EndGlobal
